
Microsoft Visual Studio Solution File, Format Version 12.00
# Visual Studio Version 16
VisualStudioVersion = 16.0.29306.81
MinimumVisualStudioVersion = 10.0.40219.1
Project("{FAE04EC0-301F-11D3-BF4B-00C04F79EFBC}") = "MapboxXamarinAndroidSandbox", "MapboxXamarinAndroidSandbox\MapboxXamarinAndroidSandbox.csproj", "{826D09A1-EE86-4681-9B64-9BA5F2CD3EB6}"
EndProject
Project("{FAE04EC0-301F-11D3-BF4B-00C04F79EFBC}") = "Mapbox-SDK-8.4.0", "Mapbox-SDK-8.4.0\Mapbox-SDK-8.4.0.csproj", "{53C8001E-A0E1-4FA5-A00D-BFD84AC1E111}"
EndProject
Project("{FAE04EC0-301F-11D3-BF4B-00C04F79EFBC}") = "Mapbox-Android-Plugin -Annotation-v8-0.7.0", "Mapbox-Android-Plugin -Annotation-v8-0.7.0\Mapbox-Android-Plugin -Annotation-v8-0.7.0.csproj", "{A10A22BD-B317-4C50-A471-FE9761D7CE56}"
EndProject
Global
	GlobalSection(SolutionConfigurationPlatforms) = preSolution
		Debug|Any CPU = Debug|Any CPU
		Release|Any CPU = Release|Any CPU
	EndGlobalSection
	GlobalSection(ProjectConfigurationPlatforms) = postSolution
		{826D09A1-EE86-4681-9B64-9BA5F2CD3EB6}.Debug|Any CPU.ActiveCfg = Debug|Any CPU
		{826D09A1-EE86-4681-9B64-9BA5F2CD3EB6}.Debug|Any CPU.Build.0 = Debug|Any CPU
		{826D09A1-EE86-4681-9B64-9BA5F2CD3EB6}.Debug|Any CPU.Deploy.0 = Debug|Any CPU
		{826D09A1-EE86-4681-9B64-9BA5F2CD3EB6}.Release|Any CPU.ActiveCfg = Release|Any CPU
		{826D09A1-EE86-4681-9B64-9BA5F2CD3EB6}.Release|Any CPU.Build.0 = Release|Any CPU
		{826D09A1-EE86-4681-9B64-9BA5F2CD3EB6}.Release|Any CPU.Deploy.0 = Release|Any CPU
		{53C8001E-A0E1-4FA5-A00D-BFD84AC1E111}.Debug|Any CPU.ActiveCfg = Debug|Any CPU
		{53C8001E-A0E1-4FA5-A00D-BFD84AC1E111}.Debug|Any CPU.Build.0 = Debug|Any CPU
		{53C8001E-A0E1-4FA5-A00D-BFD84AC1E111}.Release|Any CPU.ActiveCfg = Release|Any CPU
		{53C8001E-A0E1-4FA5-A00D-BFD84AC1E111}.Release|Any CPU.Build.0 = Release|Any CPU
		{A10A22BD-B317-4C50-A471-FE9761D7CE56}.Debug|Any CPU.ActiveCfg = Debug|Any CPU
		{A10A22BD-B317-4C50-A471-FE9761D7CE56}.Debug|Any CPU.Build.0 = Debug|Any CPU
		{A10A22BD-B317-4C50-A471-FE9761D7CE56}.Release|Any CPU.ActiveCfg = Release|Any CPU
		{A10A22BD-B317-4C50-A471-FE9761D7CE56}.Release|Any CPU.Build.0 = Release|Any CPU
	EndGlobalSection
	GlobalSection(SolutionProperties) = preSolution
		HideSolutionNode = FALSE
	EndGlobalSection
	GlobalSection(ExtensibilityGlobals) = postSolution
		SolutionGuid = {027AE601-01F6-484A-9F02-C2163BCFDB0C}
	EndGlobalSection
EndGlobal
